
Microsoft Visual Studio Solution File, Format Version 12.00
# Visual Studio Version 17
VisualStudioVersion = 17.5.33530.505
MinimumVisualStudioVersion = 10.0.40219.1
Project("{FAE04EC0-301F-11D3-BF4B-00C04F79EFBC}") = "oop.2nd", "oop.2nd\oop.2nd.csproj", "{CD9C04C3-D4F9-4BE8-AFBC-E0B2015FFBB8}"
EndProject
Global
	GlobalSection(SolutionConfigurationPlatforms) = preSolution
		Debug|Any CPU = Debug|Any CPU
		Release|Any CPU = Release|Any CPU
	EndGlobalSection
	GlobalSection(ProjectConfigurationPlatforms) = postSolution
		{CD9C04C3-D4F9-4BE8-AFBC-E0B2015FFBB8}.Debug|Any CPU.ActiveCfg = Debug|Any CPU
		{CD9C04C3-D4F9-4BE8-AFBC-E0B2015FFBB8}.Debug|Any CPU.Build.0 = Debug|Any CPU
		{CD9C04C3-D4F9-4BE8-AFBC-E0B2015FFBB8}.Release|Any CPU.ActiveCfg = Release|Any CPU
		{CD9C04C3-D4F9-4BE8-AFBC-E0B2015FFBB8}.Release|Any CPU.Build.0 = Release|Any CPU
	EndGlobalSection
	GlobalSection(SolutionProperties) = preSolution
		HideSolutionNode = FALSE
	EndGlobalSection
	GlobalSection(ExtensibilityGlobals) = postSolution
		SolutionGuid = {EB7C393C-49D3-4EEC-BF02-CC8B32D18F42}
	EndGlobalSection
EndGlobal
